
Microsoft Visual Studio Solution File, Format Version 12.00
# Visual Studio Version 17
VisualStudioVersion = 17.1.32210.238
MinimumVisualStudioVersion = 10.0.40219.1
Project("{FAE04EC0-301F-11D3-BF4B-00C04F79EFBC}") = "Devs2Blu.PrimeiraAPIASPNetCore.API", "src\Devs2Blu.PrimeiraAPIASPNetCore.API\Devs2Blu.PrimeiraAPIASPNetCore.API.csproj", "{BF4799FD-372F-45A3-8CF5-E54DF3340838}"
EndProject
Global
	GlobalSection(SolutionConfigurationPlatforms) = preSolution
		Debug|Any CPU = Debug|Any CPU
		Release|Any CPU = Release|Any CPU
	EndGlobalSection
	GlobalSection(ProjectConfigurationPlatforms) = postSolution
		{BF4799FD-372F-45A3-8CF5-E54DF3340838}.Debug|Any CPU.ActiveCfg = Debug|Any CPU
		{BF4799FD-372F-45A3-8CF5-E54DF3340838}.Debug|Any CPU.Build.0 = Debug|Any CPU
		{BF4799FD-372F-45A3-8CF5-E54DF3340838}.Release|Any CPU.ActiveCfg = Release|Any CPU
		{BF4799FD-372F-45A3-8CF5-E54DF3340838}.Release|Any CPU.Build.0 = Release|Any CPU
	EndGlobalSection
	GlobalSection(SolutionProperties) = preSolution
		HideSolutionNode = FALSE
	EndGlobalSection
	GlobalSection(ExtensibilityGlobals) = postSolution
		SolutionGuid = {6E0B59F4-8B1B-41FC-BB88-AECDDA25DC40}
	EndGlobalSection
EndGlobal
