
Microsoft Visual Studio Solution File, Format Version 12.00
# Visual Studio Version 17
VisualStudioVersion = 17.1.32210.238
MinimumVisualStudioVersion = 10.0.40219.1
Project("{FAE04EC0-301F-11D3-BF4B-00C04F79EFBC}") = "AgendaCadastro", "src\AgendaCadastro\AgendaCadastro.csproj", "{BA6F62D6-ADD9-4F02-AAF7-1896072726E2}"
EndProject
Global
	GlobalSection(SolutionConfigurationPlatforms) = preSolution
		Debug|Any CPU = Debug|Any CPU
		Release|Any CPU = Release|Any CPU
	EndGlobalSection
	GlobalSection(ProjectConfigurationPlatforms) = postSolution
		{BA6F62D6-ADD9-4F02-AAF7-1896072726E2}.Debug|Any CPU.ActiveCfg = Debug|Any CPU
		{BA6F62D6-ADD9-4F02-AAF7-1896072726E2}.Debug|Any CPU.Build.0 = Debug|Any CPU
		{BA6F62D6-ADD9-4F02-AAF7-1896072726E2}.Release|Any CPU.ActiveCfg = Release|Any CPU
		{BA6F62D6-ADD9-4F02-AAF7-1896072726E2}.Release|Any CPU.Build.0 = Release|Any CPU
	EndGlobalSection
	GlobalSection(SolutionProperties) = preSolution
		HideSolutionNode = FALSE
	EndGlobalSection
	GlobalSection(ExtensibilityGlobals) = postSolution
		SolutionGuid = {8C6B834B-92F4-4D79-AADA-2D41D727DD7D}
	EndGlobalSection
EndGlobal
